
Microsoft Visual Studio Solution File, Format Version 12.00
# Visual Studio Version 17
VisualStudioVersion = 17.7.34024.191
MinimumVisualStudioVersion = 10.0.40219.1
Project("{9A19103F-16F7-4668-BE54-9A1E7A4F7556}") = "Particle_Reader", "Particle_Reader.csproj", "{3EDF4F2B-3C27-44B7-9382-278841BE4C39}"
EndProject
Project("{9A19103F-16F7-4668-BE54-9A1E7A4F7556}") = "Test_Proyect", "..\Test_Proyect\Test_Proyect.csproj", "{005CDBAA-1539-411C-B2AB-85A1B111FA37}"
EndProject
Global
	GlobalSection(SolutionConfigurationPlatforms) = preSolution
		Debug|Any CPU = Debug|Any CPU
		Release|Any CPU = Release|Any CPU
	EndGlobalSection
	GlobalSection(ProjectConfigurationPlatforms) = postSolution
		{3EDF4F2B-3C27-44B7-9382-278841BE4C39}.Debug|Any CPU.ActiveCfg = Debug|Any CPU
		{3EDF4F2B-3C27-44B7-9382-278841BE4C39}.Debug|Any CPU.Build.0 = Debug|Any CPU
		{3EDF4F2B-3C27-44B7-9382-278841BE4C39}.Release|Any CPU.ActiveCfg = Release|Any CPU
		{3EDF4F2B-3C27-44B7-9382-278841BE4C39}.Release|Any CPU.Build.0 = Release|Any CPU
		{005CDBAA-1539-411C-B2AB-85A1B111FA37}.Debug|Any CPU.ActiveCfg = Debug|Any CPU
		{005CDBAA-1539-411C-B2AB-85A1B111FA37}.Debug|Any CPU.Build.0 = Debug|Any CPU
		{005CDBAA-1539-411C-B2AB-85A1B111FA37}.Release|Any CPU.ActiveCfg = Release|Any CPU
		{005CDBAA-1539-411C-B2AB-85A1B111FA37}.Release|Any CPU.Build.0 = Release|Any CPU
	EndGlobalSection
	GlobalSection(SolutionProperties) = preSolution
		HideSolutionNode = FALSE
	EndGlobalSection
	GlobalSection(ExtensibilityGlobals) = postSolution
		SolutionGuid = {F7C1823E-3AAE-489A-8156-D2E5FEB9551F}
	EndGlobalSection
EndGlobal
